// !$*UTF8*$!
{
	archiveVersion = 1;
	classes = {
	};
	objectVersion = 46;
	objects = {

/* Begin PBXBuildFile section */
		AA3652102295B6D1D8734210 /* Pods_UIStates.framework in Frameworks */ = {isa = PBXBuildFile; fileRef = ACBEE04808DD52B7EDD99E6C /* Pods_UIStates.framework */; };
		F848C0291EA2CF210078719D /* UnderlinedTextField.swift in Sources */ = {isa = PBXBuildFile; fileRef = F848C0281EA2CF210078719D /* UnderlinedTextField.swift */; };
		F848C02B1EA3E2230078719D /* String+Extensions.swift in Sources */ = {isa = PBXBuildFile; fileRef = F848C02A1EA3E2230078719D /* String+Extensions.swift */; };
		F8F9964B1EA2C8D900A08783 /* AppDelegate.swift in Sources */ = {isa = PBXBuildFile; fileRef = F8F9964A1EA2C8D900A08783 /* AppDelegate.swift */; };
		F8F9964D1EA2C8D900A08783 /* ViewController.swift in Sources */ = {isa = PBXBuildFile; fileRef = F8F9964C1EA2C8D900A08783 /* ViewController.swift */; };
		F8F996521EA2C8D900A08783 /* Assets.xcassets in Resources */ = {isa = PBXBuildFile; fileRef = F8F996511EA2C8D900A08783 /* Assets.xcassets */; };
		F8F996551EA2C8D900A08783 /* LaunchScreen.storyboard in Resources */ = {isa = PBXBuildFile; fileRef = F8F996531EA2C8D900A08783 /* LaunchScreen.storyboard */; };
/* End PBXBuildFile section */

/* Begin PBXFileReference section */
		065317B3EFC320B37C043D1C /* Pods-UIStates.debug.xcconfig */ = {isa = PBXFileReference; includeInIndex = 1; lastKnownFileType = text.xcconfig; name = "Pods-UIStates.debug.xcconfig"; path = "Pods/Target Support Files/Pods-UIStates/Pods-UIStates.debug.xcconfig"; sourceTree = "<group>"; };
		ACBEE04808DD52B7EDD99E6C /* Pods_UIStates.framework */ = {isa = PBXFileReference; explicitFileType = wrapper.framework; includeInIndex = 0; path = Pods_UIStates.framework; sourceTree = BUILT_PRODUCTS_DIR; };
		D1A52920FEA497FA918E7211 /* Pods-UIStates.release.xcconfig */ = {isa = PBXFileReference; includeInIndex = 1; lastKnownFileType = text.xcconfig; name = "Pods-UIStates.release.xcconfig"; path = "Pods/Target Support Files/Pods-UIStates/Pods-UIStates.release.xcconfig"; sourceTree = "<group>"; };
		F848C0281EA2CF210078719D /* UnderlinedTextField.swift */ = {isa = PBXFileReference; fileEncoding = 4; lastKnownFileType = sourcecode.swift; path = UnderlinedTextField.swift; sourceTree = "<group>"; };
		F848C02A1EA3E2230078719D /* String+Extensions.swift */ = {isa = PBXFileReference; fileEncoding = 4; lastKnownFileType = sourcecode.swift; path = "String+Extensions.swift"; sourceTree = "<group>"; };
		F8F996471EA2C8D900A08783 /* UIStates.app */ = {isa = PBXFileReference; explicitFileType = wrapper.application; includeInIndex = 0; path = UIStates.app; sourceTree = BUILT_PRODUCTS_DIR; };
		F8F9964A1EA2C8D900A08783 /* AppDelegate.swift */ = {isa = PBXFileReference; lastKnownFileType = sourcecode.swift; path = AppDelegate.swift; sourceTree = "<group>"; };
		F8F9964C1EA2C8D900A08783 /* ViewController.swift */ = {isa = PBXFileReference; lastKnownFileType = sourcecode.swift; path = ViewController.swift; sourceTree = "<group>"; };
		F8F996511EA2C8D900A08783 /* Assets.xcassets */ = {isa = PBXFileReference; lastKnownFileType = folder.assetcatalog; path = Assets.xcassets; sourceTree = "<group>"; };
		F8F996541EA2C8D900A08783 /* Base */ = {isa = PBXFileReference; lastKnownFileType = file.storyboard; name = Base; path = Base.lproj/LaunchScreen.storyboard; sourceTree = "<group>"; };
		F8F996561EA2C8D900A08783 /* Info.plist */ = {isa = PBXFileReference; lastKnownFileType = text.plist.xml; path = Info.plist; sourceTree = "<group>"; };
/* End PBXFileReference section */

/* Begin PBXFrameworksBuildPhase section */
		F8F996441EA2C8D900A08783 /* Frameworks */ = {
			isa = PBXFrameworksBuildPhase;
			buildActionMask = 2147483647;
			files = (
				AA3652102295B6D1D8734210 /* Pods_UIStates.framework in Frameworks */,
			);
			runOnlyForDeploymentPostprocessing = 0;
		};
/* End PBXFrameworksBuildPhase section */

/* Begin PBXGroup section */
		242B886B3A56B995D0792C8B /* Frameworks */ = {
			isa = PBXGroup;
			children = (
				ACBEE04808DD52B7EDD99E6C /* Pods_UIStates.framework */,
			);
			name = Frameworks;
			sourceTree = "<group>";
		};
		C8537F35D5166E02AEF2EDE8 /* Pods */ = {
			isa = PBXGroup;
			children = (
				065317B3EFC320B37C043D1C /* Pods-UIStates.debug.xcconfig */,
				D1A52920FEA497FA918E7211 /* Pods-UIStates.release.xcconfig */,
			);
			name = Pods;
			sourceTree = "<group>";
		};
		F8F9963E1EA2C8D900A08783 = {
			isa = PBXGroup;
			children = (
				F8F996491EA2C8D900A08783 /* UIStates */,
				F8F996481EA2C8D900A08783 /* Products */,
				C8537F35D5166E02AEF2EDE8 /* Pods */,
				242B886B3A56B995D0792C8B /* Frameworks */,
			);
			sourceTree = "<group>";
		};
		F8F996481EA2C8D900A08783 /* Products */ = {
			isa = PBXGroup;
			children = (
				F8F996471EA2C8D900A08783 /* UIStates.app */,
			);
			name = Products;
			sourceTree = "<group>";
		};
		F8F996491EA2C8D900A08783 /* UIStates */ = {
			isa = PBXGroup;
			children = (
				F8F9964A1EA2C8D900A08783 /* AppDelegate.swift */,
				F8F9964C1EA2C8D900A08783 /* ViewController.swift */,
				F8F996511EA2C8D900A08783 /* Assets.xcassets */,
				F8F996531EA2C8D900A08783 /* LaunchScreen.storyboard */,
				F8F996561EA2C8D900A08783 /* Info.plist */,
				F848C0281EA2CF210078719D /* UnderlinedTextField.swift */,
				F848C02A1EA3E2230078719D /* String+Extensions.swift */,
			);
			path = UIStates;
			sourceTree = "<group>";
		};
/* End PBXGroup section */

/* Begin PBXNativeTarget section */
		F8F996461EA2C8D900A08783 /* UIStates */ = {
			isa = PBXNativeTarget;
			buildConfigurationList = F8F996591EA2C8D900A08783 /* Build configuration list for PBXNativeTarget "UIStates" */;
			buildPhases = (
				07A0081EB86FE70561452E13 /* [CP] Check Pods Manifest.lock */,
				F8F996431EA2C8D900A08783 /* Sources */,
				F8F996441EA2C8D900A08783 /* Frameworks */,
				F8F996451EA2C8D900A08783 /* Resources */,
				CCAEF6C7A6FC7ECC3FA54CE1 /* [CP] Embed Pods Frameworks */,
				985FB14B298C3B73D84B7956 /* [CP] Copy Pods Resources */,
			);
			buildRules = (
			);
			dependencies = (
			);
			name = UIStates;
			productName = UIStates;
			productReference = F8F996471EA2C8D900A08783 /* UIStates.app */;
			productType = "com.apple.product-type.application";
		};
/* End PBXNativeTarget section */

/* Begin PBXProject section */
		F8F9963F1EA2C8D900A08783 /* Project object */ = {
			isa = PBXProject;
			attributes = {
				LastSwiftUpdateCheck = 0830;
				LastUpgradeCheck = 0830;
				ORGANIZATIONNAME = Scirestudios;
				TargetAttributes = {
					F8F996461EA2C8D900A08783 = {
						CreatedOnToolsVersion = 8.3.1;
						DevelopmentTeam = Q6MVMV6FGT;
						ProvisioningStyle = Automatic;
					};
				};
			};
			buildConfigurationList = F8F996421EA2C8D900A08783 /* Build configuration list for PBXProject "UIStates" */;
			compatibilityVersion = "Xcode 3.2";
			developmentRegion = English;
			hasScannedForEncodings = 0;
			knownRegions = (
				en,
				Base,
			);
			mainGroup = F8F9963E1EA2C8D900A08783;
			productRefGroup = F8F996481EA2C8D900A08783 /* Products */;
			projectDirPath = "";
			projectRoot = "";
			targets = (
				F8F996461EA2C8D900A08783 /* UIStates */,
			);
		};
/* End PBXProject section */

/* Begin PBXResourcesBuildPhase section */
		F8F996451EA2C8D900A08783 /* Resources */ = {
			isa = PBXResourcesBuildPhase;
			buildActionMask = 2147483647;
			files = (
				F8F996551EA2C8D900A08783 /* LaunchScreen.storyboard in Resources */,
				F8F996521EA2C8D900A08783 /* Assets.xcassets in Resources */,
			);
			runOnlyForDeploymentPostprocessing = 0;
		};
/* End PBXResourcesBuildPhase section */

/* Begin PBXShellScriptBuildPhase section */
		07A0081EB86FE70561452E13 /* [CP] Check Pods Manifest.lock */ = {
			isa = PBXShellScriptBuildPhase;
			buildActionMask = 2147483647;
			files = (
			);
			inputPaths = (
			);
			name = "[CP] Check Pods Manifest.lock";
			outputPaths = (
			);
			runOnlyForDeploymentPostprocessing = 0;
			shellPath = /bin/sh;
			shellScript = "diff \"${PODS_ROOT}/../Podfile.lock\" \"${PODS_ROOT}/Manifest.lock\" > /dev/null\nif [ $? != 0 ] ; then\n    # print error to STDERR\n    echo \"error: The sandbox is not in sync with the Podfile.lock. Run 'pod install' or update your CocoaPods installation.\" >&2\n    exit 1\nfi\n";
			showEnvVarsInLog = 0;
		};
		985FB14B298C3B73D84B7956 /* [CP] Copy Pods Resources */ = {
			isa = PBXShellScriptBuildPhase;
			buildActionMask = 2147483647;
			files = (
			);
			inputPaths = (
			);
			name = "[CP] Copy Pods Resources";
			outputPaths = (
			);
			runOnlyForDeploymentPostprocessing = 0;
			shellPath = /bin/sh;
			shellScript = "\"${SRCROOT}/Pods/Target Support Files/Pods-UIStates/Pods-UIStates-resources.sh\"\n";
			showEnvVarsInLog = 0;
		};
		CCAEF6C7A6FC7ECC3FA54CE1 /* [CP] Embed Pods Frameworks */ = {
			isa = PBXShellScriptBuildPhase;
			buildActionMask = 2147483647;
			files = (
			);
			inputPaths = (
			);
			name = "[CP] Embed Pods Frameworks";
			outputPaths = (
			);
			runOnlyForDeploymentPostprocessing = 0;
			shellPath = /bin/sh;
			shellScript = "\"${SRCROOT}/Pods/Target Support Files/Pods-UIStates/Pods-UIStates-frameworks.sh\"\n";
			showEnvVarsInLog = 0;
		};
/* End PBXShellScriptBuildPhase section */

/* Begin PBXSourcesBuildPhase section */
		F8F996431EA2C8D900A08783 /* Sources */ = {
			isa = PBXSourcesBuildPhase;
			buildActionMask = 2147483647;
			files = (
				F848C02B1EA3E2230078719D /* String+Extensions.swift in Sources */,
				F8F9964D1EA2C8D900A08783 /* ViewController.swift in Sources */,
				F848C0291EA2CF210078719D /* UnderlinedTextField.swift in Sources */,
				F8F9964B1EA2C8D900A08783 /* AppDelegate.swift in Sources */,
			);
			runOnlyForDeploymentPostprocessing = 0;
		};
/* End PBXSourcesBuildPhase section */

/* Begin PBXVariantGroup section */
		F8F996531EA2C8D900A08783 /* LaunchScreen.storyboard */ = {
			isa = PBXVariantGroup;
			children = (
				F8F996541EA2C8D900A08783 /* Base */,
			);
			name = LaunchScreen.storyboard;
			sourceTree = "<group>";
		};
/* End PBXVariantGroup section */

/* Begin XCBuildConfiguration section */
		F8F996571EA2C8D900A08783 /* Debug */ = {
			isa = XCBuildConfiguration;
			buildSettings = {
				ALWAYS_SEARCH_USER_PATHS = NO;
				CLANG_ANALYZER_NONNULL = YES;
				CLANG_ANALYZER_NUMBER_OBJECT_CONVERSION = YES_AGGRESSIVE;
				CLANG_CXX_LANGUAGE_STANDARD = "gnu++0x";
				CLANG_CXX_LIBRARY = "libc++";
				CLANG_ENABLE_MODULES = YES;
				CLANG_ENABLE_OBJC_ARC = YES;
				CLANG_WARN_BOOL_CONVERSION = YES;
				CLANG_WARN_CONSTANT_CONVERSION = YES;
				CLANG_WARN_DIRECT_OBJC_ISA_USAGE = YES_ERROR;
				CLANG_WARN_DOCUMENTATION_COMMENTS = YES;
				CLANG_WARN_EMPTY_BODY = YES;
				CLANG_WARN_ENUM_CONVERSION = YES;
				CLANG_WARN_INFINITE_RECURSION = YES;
				CLANG_WARN_INT_CONVERSION = YES;
				CLANG_WARN_OBJC_ROOT_CLASS = YES_ERROR;
				CLANG_WARN_SUSPICIOUS_MOVE = YES;
				CLANG_WARN_UNREACHABLE_CODE = YES;
				CLANG_WARN__DUPLICATE_METHOD_MATCH = YES;
				"CODE_SIGN_IDENTITY[sdk=iphoneos*]" = "iPhone Developer";
				COPY_PHASE_STRIP = NO;
				DEBUG_INFORMATION_FORMAT = dwarf;
				ENABLE_STRICT_OBJC_MSGSEND = YES;
				ENABLE_TESTABILITY = YES;
				GCC_C_LANGUAGE_STANDARD = gnu99;
				GCC_DYNAMIC_NO_PIC = NO;
				GCC_NO_COMMON_BLOCKS = YES;
				GCC_OPTIMIZATION_LEVEL = 0;
				GCC_PREPROCESSOR_DEFINITIONS = (
					"DEBUG=1",
					"$(inherited)",
				);
				GCC_WARN_64_TO_32_BIT_CONVERSION = YES;
				GCC_WARN_ABOUT_RETURN_TYPE = YES_ERROR;
				GCC_WARN_UNDECLARED_SELECTOR = YES;
				GCC_WARN_UNINITIALIZED_AUTOS = YES_AGGRESSIVE;
				GCC_WARN_UNUSED_FUNCTION = YES;
				GCC_WARN_UNUSED_VARIABLE = YES;
				IPHONEOS_DEPLOYMENT_TARGET = 10.3;
				MTL_ENABLE_DEBUG_INFO = YES;
				ONLY_ACTIVE_ARCH = YES;
				SDKROOT = iphoneos;
				SWIFT_ACTIVE_COMPILATION_CONDITIONS = DEBUG;
				SWIFT_OPTIMIZATION_LEVEL = "-Onone";
			};
			name = Debug;
		};
		F8F996581EA2C8D900A08783 /* Release */ = {
			isa = XCBuildConfiguration;
			buildSettings = {
				ALWAYS_SEARCH_USER_PATHS = NO;
				CLANG_ANALYZER_NONNULL = YES;
				CLANG_ANALYZER_NUMBER_OBJECT_CONVERSION = YES_AGGRESSIVE;
				CLANG_CXX_LANGUAGE_STANDARD = "gnu++0x";
				CLANG_CXX_LIBRARY = "libc++";
				CLANG_ENABLE_MODULES = YES;
				CLANG_ENABLE_OBJC_ARC = YES;
				CLANG_WARN_BOOL_CONVERSION = YES;
				CLANG_WARN_CONSTANT_CONVERSION = YES;
				CLANG_WARN_DIRECT_OBJC_ISA_USAGE = YES_ERROR;
				CLANG_WARN_DOCUMENTATION_COMMENTS = YES;
				CLANG_WARN_EMPTY_BODY = YES;
				CLANG_WARN_ENUM_CONVERSION = YES;
				CLANG_WARN_INFINITE_RECURSION = YES;
				CLANG_WARN_INT_CONVERSION = YES;
				CLANG_WARN_OBJC_ROOT_CLASS = YES_ERROR;
				CLANG_WARN_SUSPICIOUS_MOVE = YES;
				CLANG_WARN_UNREACHABLE_CODE = YES;
				CLANG_WARN__DUPLICATE_METHOD_MATCH = YES;
				"CODE_SIGN_IDENTITY[sdk=iphoneos*]" = "iPhone Developer";
				COPY_PHASE_STRIP = NO;
				DEBUG_INFORMATION_FORMAT = "dwarf-with-dsym";
				ENABLE_NS_ASSERTIONS = NO;
				ENABLE_STRICT_OBJC_MSGSEND = YES;
				GCC_C_LANGUAGE_STANDARD = gnu99;
				GCC_NO_COMMON_BLOCKS = YES;
				GCC_WARN_64_TO_32_BIT_CONVERSION = YES;
				GCC_WARN_ABOUT_RETURN_TYPE = YES_ERROR;
				GCC_WARN_UNDECLARED_SELECTOR = YES;
				GCC_WARN_UNINITIALIZED_AUTOS = YES_AGGRESSIVE;
				GCC_WARN_UNUSED_FUNCTION = YES;
				GCC_WARN_UNUSED_VARIABLE = YES;
				IPHONEOS_DEPLOYMENT_TARGET = 10.3;
				MTL_ENABLE_DEBUG_INFO = NO;
				SDKROOT = iphoneos;
				SWIFT_OPTIMIZATION_LEVEL = "-Owholemodule";
				VALIDATE_PRODUCT = YES;
			};
			name = Release;
		};
		F8F9965A1EA2C8D900A08783 /* Debug */ = {
			isa = XCBuildConfiguration;
			baseConfigurationReference = 065317B3EFC320B37C043D1C /* Pods-UIStates.debug.xcconfig */;
			buildSettings = {
				ASSETCATALOG_COMPILER_APPICON_NAME = AppIcon;
				DEVELOPMENT_TEAM = Q6MVMV6FGT;
				INFOPLIST_FILE = UIStates/Info.plist;
				LD_RUNPATH_SEARCH_PATHS = "$(inherited) @executable_path/Frameworks";
				PRODUCT_BUNDLE_IDENTIFIER = com.scirestudios.UIStates;
				PRODUCT_NAME = "$(TARGET_NAME)";
				SWIFT_VERSION = 3.0;
			};
			name = Debug;
		};
		F8F9965B1EA2C8D900A08783 /* Release */ = {
			isa = XCBuildConfiguration;
			baseConfigurationReference = D1A52920FEA497FA918E7211 /* Pods-UIStates.release.xcconfig */;
			buildSettings = {
				ASSETCATALOG_COMPILER_APPICON_NAME = AppIcon;
				DEVELOPMENT_TEAM = Q6MVMV6FGT;
				INFOPLIST_FILE = UIStates/Info.plist;
				LD_RUNPATH_SEARCH_PATHS = "$(inherited) @executable_path/Frameworks";
				PRODUCT_BUNDLE_IDENTIFIER = com.scirestudios.UIStates;
				PRODUCT_NAME = "$(TARGET_NAME)";
				SWIFT_VERSION = 3.0;
			};
			name = Release;
		};
/* End XCBuildConfiguration section */

/* Begin XCConfigurationList section */
		F8F996421EA2C8D900A08783 /* Build configuration list for PBXProject "UIStates" */ = {
			isa = XCConfigurationList;
			buildConfigurations = (
				F8F996571EA2C8D900A08783 /* Debug */,
				F8F996581EA2C8D900A08783 /* Release */,
			);
			defaultConfigurationIsVisible = 0;
			defaultConfigurationName = Release;
		};
		F8F996591EA2C8D900A08783 /* Build configuration list for PBXNativeTarget "UIStates" */ = {
			isa = XCConfigurationList;
			buildConfigurations = (
				F8F9965A1EA2C8D900A08783 /* Debug */,
				F8F9965B1EA2C8D900A08783 /* Release */,
			);
			defaultConfigurationIsVisible = 0;
			defaultConfigurationName = Release;
		};
/* End XCConfigurationList section */
	};
	rootObject = F8F9963F1EA2C8D900A08783 /* Project object */;
}
